{
  "name": "test",
  "version": "1.0.0",
  "lockfileVersion": 1,
  "requires": true,
  "dependencies": {
    "node-edulink": {
      "version": "file:../example/node-edulink-1.0.0.tgz",
      "integrity": "sha512-bIfiY4Y/IJx4lvMTgAPF6nhOGoYuezAvYXIc347As9aAmvFIApPE122UuVErsqJ86Cv/ztDpOMC9nukgCqgcOg=="
    }
  }
}
